# This file is automatically @generated by Cargo.
# It is not intended for manual editing.
version = 4

[[package]]
name = "moon"
version = "0.1.0"
dependencies = [
 "moon_core",
 "moon_interpreter",
 "moon_typechecker",
]

[[package]]
name = "moon_core"
version = "0.1.0"

[[package]]
name = "moon_interpreter"
version = "0.1.0"
dependencies = [
 "moon_core",
]

[[package]]
name = "moon_typechecker"
version = "0.1.0"
dependencies = [
 "moon_core",
]
